
Microsoft Visual Studio Solution File, Format Version 12.00
# Visual Studio Version 16
VisualStudioVersion = 16.0.31729.503
MinimumVisualStudioVersion = 10.0.40219.1
Project("{FAE04EC0-301F-11D3-BF4B-00C04F79EFBC}") = "EmployeeWageassignment", "EmployeeWageassignment\EmployeeWageassignment.csproj", "{08027F7E-D49B-461C-90A3-8025DE2BD5D1}"
EndProject
Global
	GlobalSection(SolutionConfigurationPlatforms) = preSolution
		Debug|Any CPU = Debug|Any CPU
		Release|Any CPU = Release|Any CPU
	EndGlobalSection
	GlobalSection(ProjectConfigurationPlatforms) = postSolution
		{08027F7E-D49B-461C-90A3-8025DE2BD5D1}.Debug|Any CPU.ActiveCfg = Debug|Any CPU
		{08027F7E-D49B-461C-90A3-8025DE2BD5D1}.Debug|Any CPU.Build.0 = Debug|Any CPU
		{08027F7E-D49B-461C-90A3-8025DE2BD5D1}.Release|Any CPU.ActiveCfg = Release|Any CPU
		{08027F7E-D49B-461C-90A3-8025DE2BD5D1}.Release|Any CPU.Build.0 = Release|Any CPU
	EndGlobalSection
	GlobalSection(SolutionProperties) = preSolution
		HideSolutionNode = FALSE
	EndGlobalSection
	GlobalSection(ExtensibilityGlobals) = postSolution
		SolutionGuid = {4EB2AB43-CC3A-42AE-AFE5-A30EB2B0CF13}
	EndGlobalSection
EndGlobal
